
Microsoft Visual Studio Solution File, Format Version 11.00
# Visual C# Express 2010
Project("{FAE04EC0-301F-11D3-BF4B-00C04F79EFBC}") = "Kinectduino", "Kinectduino\Kinectduino.csproj", "{E31178C9-E62D-4DEE-A2F8-587294200C8E}"
EndProject
Global
	GlobalSection(SolutionConfigurationPlatforms) = preSolution
		Debug|Any CPU = Debug|Any CPU
		Release|Any CPU = Release|Any CPU
	EndGlobalSection
	GlobalSection(ProjectConfigurationPlatforms) = postSolution
		{E31178C9-E62D-4DEE-A2F8-587294200C8E}.Debug|Any CPU.ActiveCfg = Debug|Any CPU
		{E31178C9-E62D-4DEE-A2F8-587294200C8E}.Debug|Any CPU.Build.0 = Debug|Any CPU
		{E31178C9-E62D-4DEE-A2F8-587294200C8E}.Debug|Any CPU.Deploy.0 = Debug|Any CPU
		{E31178C9-E62D-4DEE-A2F8-587294200C8E}.Release|Any CPU.ActiveCfg = Release|Any CPU
		{E31178C9-E62D-4DEE-A2F8-587294200C8E}.Release|Any CPU.Build.0 = Release|Any CPU
		{E31178C9-E62D-4DEE-A2F8-587294200C8E}.Release|Any CPU.Deploy.0 = Release|Any CPU
	EndGlobalSection
	GlobalSection(SolutionProperties) = preSolution
		HideSolutionNode = FALSE
	EndGlobalSection
EndGlobal
